// !$*UTF8*$!
{
	archiveVersion = 1;
	classes = {
	};
	objectVersion = 50;
	objects = {

/* Begin PBXBuildFile section */
		4CCFF0EE216D0BA900176F76 /* AppDelegate.m in Sources */ = {isa = PBXBuildFile; fileRef = 4CCFF0ED216D0BA900176F76 /* AppDelegate.m */; };
		4CCFF0F1216D0BA900176F76 /* ViewController.m in Sources */ = {isa = PBXBuildFile; fileRef = 4CCFF0F0216D0BA900176F76 /* ViewController.m */; };
		4CCFF0F4216D0BA900176F76 /* Main.storyboard in Resources */ = {isa = PBXBuildFile; fileRef = 4CCFF0F2216D0BA900176F76 /* Main.storyboard */; };
		4CCFF0F6216D0BAA00176F76 /* Assets.xcassets in Resources */ = {isa = PBXBuildFile; fileRef = 4CCFF0F5216D0BAA00176F76 /* Assets.xcassets */; };
		4CCFF0F9216D0BAA00176F76 /* LaunchScreen.storyboard in Resources */ = {isa = PBXBuildFile; fileRef = 4CCFF0F7216D0BAA00176F76 /* LaunchScreen.storyboard */; };
		4CCFF0FC216D0BAA00176F76 /* main.m in Sources */ = {isa = PBXBuildFile; fileRef = 4CCFF0FB216D0BAA00176F76 /* main.m */; };
		4CD7018821835CA200F242B6 /* NSObject+JSONModel.m in Sources */ = {isa = PBXBuildFile; fileRef = 4CD7018721835CA200F242B6 /* NSObject+JSONModel.m */; };
		4CD7018B21835D5800F242B6 /* TYTestModel.m in Sources */ = {isa = PBXBuildFile; fileRef = 4CD7018A21835D5800F242B6 /* TYTestModel.m */; };
		4CD8D1C72184059D003C5D1C /* TYPerson.m in Sources */ = {isa = PBXBuildFile; fileRef = 4CD8D1C62184059D003C5D1C /* TYPerson.m */; };
		4CD8D1CA218405BB003C5D1C /* TYStudent.m in Sources */ = {isa = PBXBuildFile; fileRef = 4CD8D1C9218405BB003C5D1C /* TYStudent.m */; };
/* End PBXBuildFile section */

/* Begin PBXFileReference section */
		4CCFF0E9216D0BA900176F76 /* TYCopyIvarDemo.app */ = {isa = PBXFileReference; explicitFileType = wrapper.application; includeInIndex = 0; path = TYCopyIvarDemo.app; sourceTree = BUILT_PRODUCTS_DIR; };
		4CCFF0EC216D0BA900176F76 /* AppDelegate.h */ = {isa = PBXFileReference; lastKnownFileType = sourcecode.c.h; path = AppDelegate.h; sourceTree = "<group>"; };
		4CCFF0ED216D0BA900176F76 /* AppDelegate.m */ = {isa = PBXFileReference; lastKnownFileType = sourcecode.c.objc; path = AppDelegate.m; sourceTree = "<group>"; };
		4CCFF0EF216D0BA900176F76 /* ViewController.h */ = {isa = PBXFileReference; lastKnownFileType = sourcecode.c.h; path = ViewController.h; sourceTree = "<group>"; };
		4CCFF0F0216D0BA900176F76 /* ViewController.m */ = {isa = PBXFileReference; lastKnownFileType = sourcecode.c.objc; path = ViewController.m; sourceTree = "<group>"; };
		4CCFF0F3216D0BA900176F76 /* Base */ = {isa = PBXFileReference; lastKnownFileType = file.storyboard; name = Base; path = Base.lproj/Main.storyboard; sourceTree = "<group>"; };
		4CCFF0F5216D0BAA00176F76 /* Assets.xcassets */ = {isa = PBXFileReference; lastKnownFileType = folder.assetcatalog; path = Assets.xcassets; sourceTree = "<group>"; };
		4CCFF0F8216D0BAA00176F76 /* Base */ = {isa = PBXFileReference; lastKnownFileType = file.storyboard; name = Base; path = Base.lproj/LaunchScreen.storyboard; sourceTree = "<group>"; };
		4CCFF0FA216D0BAA00176F76 /* Info.plist */ = {isa = PBXFileReference; lastKnownFileType = text.plist.xml; path = Info.plist; sourceTree = "<group>"; };
		4CCFF0FB216D0BAA00176F76 /* main.m */ = {isa = PBXFileReference; lastKnownFileType = sourcecode.c.objc; path = main.m; sourceTree = "<group>"; };
		4CD7018621835CA200F242B6 /* NSObject+JSONModel.h */ = {isa = PBXFileReference; lastKnownFileType = sourcecode.c.h; path = "NSObject+JSONModel.h"; sourceTree = "<group>"; };
		4CD7018721835CA200F242B6 /* NSObject+JSONModel.m */ = {isa = PBXFileReference; lastKnownFileType = sourcecode.c.objc; path = "NSObject+JSONModel.m"; sourceTree = "<group>"; };
		4CD7018921835D5800F242B6 /* TYTestModel.h */ = {isa = PBXFileReference; lastKnownFileType = sourcecode.c.h; path = TYTestModel.h; sourceTree = "<group>"; };
		4CD7018A21835D5800F242B6 /* TYTestModel.m */ = {isa = PBXFileReference; lastKnownFileType = sourcecode.c.objc; path = TYTestModel.m; sourceTree = "<group>"; };
		4CD8D1C52184059D003C5D1C /* TYPerson.h */ = {isa = PBXFileReference; lastKnownFileType = sourcecode.c.h; path = TYPerson.h; sourceTree = "<group>"; };
		4CD8D1C62184059D003C5D1C /* TYPerson.m */ = {isa = PBXFileReference; lastKnownFileType = sourcecode.c.objc; path = TYPerson.m; sourceTree = "<group>"; };
		4CD8D1C8218405BB003C5D1C /* TYStudent.h */ = {isa = PBXFileReference; lastKnownFileType = sourcecode.c.h; path = TYStudent.h; sourceTree = "<group>"; };
		4CD8D1C9218405BB003C5D1C /* TYStudent.m */ = {isa = PBXFileReference; lastKnownFileType = sourcecode.c.objc; path = TYStudent.m; sourceTree = "<group>"; };
/* End PBXFileReference section */

/* Begin PBXFrameworksBuildPhase section */
		4CCFF0E6216D0BA900176F76 /* Frameworks */ = {
			isa = PBXFrameworksBuildPhase;
			buildActionMask = 2147483647;
			files = (
			);
			runOnlyForDeploymentPostprocessing = 0;
		};
/* End PBXFrameworksBuildPhase section */

/* Begin PBXGroup section */
		4CCFF0E0216D0BA900176F76 = {
			isa = PBXGroup;
			children = (
				4CCFF0EB216D0BA900176F76 /* TYCopyIvarDemo */,
				4CCFF0EA216D0BA900176F76 /* Products */,
			);
			sourceTree = "<group>";
		};
		4CCFF0EA216D0BA900176F76 /* Products */ = {
			isa = PBXGroup;
			children = (
				4CCFF0E9216D0BA900176F76 /* TYCopyIvarDemo.app */,
			);
			name = Products;
			sourceTree = "<group>";
		};
		4CCFF0EB216D0BA900176F76 /* TYCopyIvarDemo */ = {
			isa = PBXGroup;
			children = (
				4CCFF0EC216D0BA900176F76 /* AppDelegate.h */,
				4CCFF0ED216D0BA900176F76 /* AppDelegate.m */,
				4CCFF0EF216D0BA900176F76 /* ViewController.h */,
				4CCFF0F0216D0BA900176F76 /* ViewController.m */,
				4CD8D1C52184059D003C5D1C /* TYPerson.h */,
				4CD8D1C62184059D003C5D1C /* TYPerson.m */,
				4CD8D1C8218405BB003C5D1C /* TYStudent.h */,
				4CD8D1C9218405BB003C5D1C /* TYStudent.m */,
				4CD7018921835D5800F242B6 /* TYTestModel.h */,
				4CD7018A21835D5800F242B6 /* TYTestModel.m */,
				4CD7018621835CA200F242B6 /* NSObject+JSONModel.h */,
				4CD7018721835CA200F242B6 /* NSObject+JSONModel.m */,
				4CCFF0F2216D0BA900176F76 /* Main.storyboard */,
				4CCFF0F5216D0BAA00176F76 /* Assets.xcassets */,
				4CCFF0F7216D0BAA00176F76 /* LaunchScreen.storyboard */,
				4CCFF0FA216D0BAA00176F76 /* Info.plist */,
				4CCFF0FB216D0BAA00176F76 /* main.m */,
			);
			path = TYCopyIvarDemo;
			sourceTree = "<group>";
		};
/* End PBXGroup section */

/* Begin PBXNativeTarget section */
		4CCFF0E8216D0BA900176F76 /* TYCopyIvarDemo */ = {
			isa = PBXNativeTarget;
			buildConfigurationList = 4CCFF0FF216D0BAA00176F76 /* Build configuration list for PBXNativeTarget "TYCopyIvarDemo" */;
			buildPhases = (
				4CCFF0E5216D0BA900176F76 /* Sources */,
				4CCFF0E6216D0BA900176F76 /* Frameworks */,
				4CCFF0E7216D0BA900176F76 /* Resources */,
			);
			buildRules = (
			);
			dependencies = (
			);
			name = TYCopyIvarDemo;
			productName = TYCopyIvarDemo;
			productReference = 4CCFF0E9216D0BA900176F76 /* TYCopyIvarDemo.app */;
			productType = "com.apple.product-type.application";
		};
/* End PBXNativeTarget section */

/* Begin PBXProject section */
		4CCFF0E1216D0BA900176F76 /* Project object */ = {
			isa = PBXProject;
			attributes = {
				LastUpgradeCheck = 1000;
				ORGANIZATIONNAME = Maty;
				TargetAttributes = {
					4CCFF0E8216D0BA900176F76 = {
						CreatedOnToolsVersion = 10.0;
					};
				};
			};
			buildConfigurationList = 4CCFF0E4216D0BA900176F76 /* Build configuration list for PBXProject "TYCopyIvarDemo" */;
			compatibilityVersion = "Xcode 9.3";
			developmentRegion = en;
			hasScannedForEncodings = 0;
			knownRegions = (
				en,
				Base,
			);
			mainGroup = 4CCFF0E0216D0BA900176F76;
			productRefGroup = 4CCFF0EA216D0BA900176F76 /* Products */;
			projectDirPath = "";
			projectRoot = "";
			targets = (
				4CCFF0E8216D0BA900176F76 /* TYCopyIvarDemo */,
			);
		};
/* End PBXProject section */

/* Begin PBXResourcesBuildPhase section */
		4CCFF0E7216D0BA900176F76 /* Resources */ = {
			isa = PBXResourcesBuildPhase;
			buildActionMask = 2147483647;
			files = (
				4CCFF0F9216D0BAA00176F76 /* LaunchScreen.storyboard in Resources */,
				4CCFF0F6216D0BAA00176F76 /* Assets.xcassets in Resources */,
				4CCFF0F4216D0BA900176F76 /* Main.storyboard in Resources */,
			);
			runOnlyForDeploymentPostprocessing = 0;
		};
/* End PBXResourcesBuildPhase section */

/* Begin PBXSourcesBuildPhase section */
		4CCFF0E5216D0BA900176F76 /* Sources */ = {
			isa = PBXSourcesBuildPhase;
			buildActionMask = 2147483647;
			files = (
				4CD8D1CA218405BB003C5D1C /* TYStudent.m in Sources */,
				4CCFF0F1216D0BA900176F76 /* ViewController.m in Sources */,
				4CD7018B21835D5800F242B6 /* TYTestModel.m in Sources */,
				4CD7018821835CA200F242B6 /* NSObject+JSONModel.m in Sources */,
				4CCFF0FC216D0BAA00176F76 /* main.m in Sources */,
				4CCFF0EE216D0BA900176F76 /* AppDelegate.m in Sources */,
				4CD8D1C72184059D003C5D1C /* TYPerson.m in Sources */,
			);
			runOnlyForDeploymentPostprocessing = 0;
		};
/* End PBXSourcesBuildPhase section */

/* Begin PBXVariantGroup section */
		4CCFF0F2216D0BA900176F76 /* Main.storyboard */ = {
			isa = PBXVariantGroup;
			children = (
				4CCFF0F3216D0BA900176F76 /* Base */,
			);
			name = Main.storyboard;
			sourceTree = "<group>";
		};
		4CCFF0F7216D0BAA00176F76 /* LaunchScreen.storyboard */ = {
			isa = PBXVariantGroup;
			children = (
				4CCFF0F8216D0BAA00176F76 /* Base */,
			);
			name = LaunchScreen.storyboard;
			sourceTree = "<group>";
		};
/* End PBXVariantGroup section */

/* Begin XCBuildConfiguration section */
		4CCFF0FD216D0BAA00176F76 /* Debug */ = {
			isa = XCBuildConfiguration;
			buildSettings = {
				ALWAYS_SEARCH_USER_PATHS = NO;
				CLANG_ANALYZER_NONNULL = YES;
				CLANG_ANALYZER_NUMBER_OBJECT_CONVERSION = YES_AGGRESSIVE;
				CLANG_CXX_LANGUAGE_STANDARD = "gnu++14";
				CLANG_CXX_LIBRARY = "libc++";
				CLANG_ENABLE_MODULES = YES;
				CLANG_ENABLE_OBJC_ARC = YES;
				CLANG_ENABLE_OBJC_WEAK = YES;
				CLANG_WARN_BLOCK_CAPTURE_AUTORELEASING = YES;
				CLANG_WARN_BOOL_CONVERSION = YES;
				CLANG_WARN_COMMA = YES;
				CLANG_WARN_CONSTANT_CONVERSION = YES;
				CLANG_WARN_DEPRECATED_OBJC_IMPLEMENTATIONS = YES;
				CLANG_WARN_DIRECT_OBJC_ISA_USAGE = YES_ERROR;
				CLANG_WARN_DOCUMENTATION_COMMENTS = YES;
				CLANG_WARN_EMPTY_BODY = YES;
				CLANG_WARN_ENUM_CONVERSION = YES;
				CLANG_WARN_INFINITE_RECURSION = YES;
				CLANG_WARN_INT_CONVERSION = YES;
				CLANG_WARN_NON_LITERAL_NULL_CONVERSION = YES;
				CLANG_WARN_OBJC_IMPLICIT_RETAIN_SELF = YES;
				CLANG_WARN_OBJC_LITERAL_CONVERSION = YES;
				CLANG_WARN_OBJC_ROOT_CLASS = YES_ERROR;
				CLANG_WARN_RANGE_LOOP_ANALYSIS = YES;
				CLANG_WARN_STRICT_PROTOTYPES = YES;
				CLANG_WARN_SUSPICIOUS_MOVE = YES;
				CLANG_WARN_UNGUARDED_AVAILABILITY = YES_AGGRESSIVE;
				CLANG_WARN_UNREACHABLE_CODE = YES;
				CLANG_WARN__DUPLICATE_METHOD_MATCH = YES;
				CODE_SIGN_IDENTITY = "iPhone Developer";
				COPY_PHASE_STRIP = NO;
				DEBUG_INFORMATION_FORMAT = dwarf;
				ENABLE_STRICT_OBJC_MSGSEND = YES;
				ENABLE_TESTABILITY = YES;
				GCC_C_LANGUAGE_STANDARD = gnu11;
				GCC_DYNAMIC_NO_PIC = NO;
				GCC_NO_COMMON_BLOCKS = YES;
				GCC_OPTIMIZATION_LEVEL = 0;
				GCC_PREPROCESSOR_DEFINITIONS = (
					"DEBUG=1",
					"$(inherited)",
				);
				GCC_WARN_64_TO_32_BIT_CONVERSION = YES;
				GCC_WARN_ABOUT_RETURN_TYPE = YES_ERROR;
				GCC_WARN_UNDECLARED_SELECTOR = YES;
				GCC_WARN_UNINITIALIZED_AUTOS = YES_AGGRESSIVE;
				GCC_WARN_UNUSED_FUNCTION = YES;
				GCC_WARN_UNUSED_VARIABLE = YES;
				IPHONEOS_DEPLOYMENT_TARGET = 12.0;
				MTL_ENABLE_DEBUG_INFO = INCLUDE_SOURCE;
				MTL_FAST_MATH = YES;
				ONLY_ACTIVE_ARCH = YES;
				SDKROOT = iphoneos;
			};
			name = Debug;
		};
		4CCFF0FE216D0BAA00176F76 /* Release */ = {
			isa = XCBuildConfiguration;
			buildSettings = {
				ALWAYS_SEARCH_USER_PATHS = NO;
				CLANG_ANALYZER_NONNULL = YES;
				CLANG_ANALYZER_NUMBER_OBJECT_CONVERSION = YES_AGGRESSIVE;
				CLANG_CXX_LANGUAGE_STANDARD = "gnu++14";
				CLANG_CXX_LIBRARY = "libc++";
				CLANG_ENABLE_MODULES = YES;
				CLANG_ENABLE_OBJC_ARC = YES;
				CLANG_ENABLE_OBJC_WEAK = YES;
				CLANG_WARN_BLOCK_CAPTURE_AUTORELEASING = YES;
				CLANG_WARN_BOOL_CONVERSION = YES;
				CLANG_WARN_COMMA = YES;
				CLANG_WARN_CONSTANT_CONVERSION = YES;
				CLANG_WARN_DEPRECATED_OBJC_IMPLEMENTATIONS = YES;
				CLANG_WARN_DIRECT_OBJC_ISA_USAGE = YES_ERROR;
				CLANG_WARN_DOCUMENTATION_COMMENTS = YES;
				CLANG_WARN_EMPTY_BODY = YES;
				CLANG_WARN_ENUM_CONVERSION = YES;
				CLANG_WARN_INFINITE_RECURSION = YES;
				CLANG_WARN_INT_CONVERSION = YES;
				CLANG_WARN_NON_LITERAL_NULL_CONVERSION = YES;
				CLANG_WARN_OBJC_IMPLICIT_RETAIN_SELF = YES;
				CLANG_WARN_OBJC_LITERAL_CONVERSION = YES;
				CLANG_WARN_OBJC_ROOT_CLASS = YES_ERROR;
				CLANG_WARN_RANGE_LOOP_ANALYSIS = YES;
				CLANG_WARN_STRICT_PROTOTYPES = YES;
				CLANG_WARN_SUSPICIOUS_MOVE = YES;
				CLANG_WARN_UNGUARDED_AVAILABILITY = YES_AGGRESSIVE;
				CLANG_WARN_UNREACHABLE_CODE = YES;
				CLANG_WARN__DUPLICATE_METHOD_MATCH = YES;
				CODE_SIGN_IDENTITY = "iPhone Developer";
				COPY_PHASE_STRIP = NO;
				DEBUG_INFORMATION_FORMAT = "dwarf-with-dsym";
				ENABLE_NS_ASSERTIONS = NO;
				ENABLE_STRICT_OBJC_MSGSEND = YES;
				GCC_C_LANGUAGE_STANDARD = gnu11;
				GCC_NO_COMMON_BLOCKS = YES;
				GCC_WARN_64_TO_32_BIT_CONVERSION = YES;
				GCC_WARN_ABOUT_RETURN_TYPE = YES_ERROR;
				GCC_WARN_UNDECLARED_SELECTOR = YES;
				GCC_WARN_UNINITIALIZED_AUTOS = YES_AGGRESSIVE;
				GCC_WARN_UNUSED_FUNCTION = YES;
				GCC_WARN_UNUSED_VARIABLE = YES;
				IPHONEOS_DEPLOYMENT_TARGET = 12.0;
				MTL_ENABLE_DEBUG_INFO = NO;
				MTL_FAST_MATH = YES;
				SDKROOT = iphoneos;
				VALIDATE_PRODUCT = YES;
			};
			name = Release;
		};
		4CCFF100216D0BAA00176F76 /* Debug */ = {
			isa = XCBuildConfiguration;
			buildSettings = {
				ASSETCATALOG_COMPILER_APPICON_NAME = AppIcon;
				CODE_SIGN_STYLE = Automatic;
				DEVELOPMENT_TEAM = JJGBDF7PM8;
				INFOPLIST_FILE = TYCopyIvarDemo/Info.plist;
				LD_RUNPATH_SEARCH_PATHS = (
					"$(inherited)",
					"@executable_path/Frameworks",
				);
				PRODUCT_BUNDLE_IDENTIFIER = Maty666;
				PRODUCT_NAME = "$(TARGET_NAME)";
				TARGETED_DEVICE_FAMILY = "1,2";
			};
			name = Debug;
		};
		4CCFF101216D0BAA00176F76 /* Release */ = {
			isa = XCBuildConfiguration;
			buildSettings = {
				ASSETCATALOG_COMPILER_APPICON_NAME = AppIcon;
				CODE_SIGN_STYLE = Automatic;
				DEVELOPMENT_TEAM = JJGBDF7PM8;
				INFOPLIST_FILE = TYCopyIvarDemo/Info.plist;
				LD_RUNPATH_SEARCH_PATHS = (
					"$(inherited)",
					"@executable_path/Frameworks",
				);
				PRODUCT_BUNDLE_IDENTIFIER = Maty666;
				PRODUCT_NAME = "$(TARGET_NAME)";
				TARGETED_DEVICE_FAMILY = "1,2";
			};
			name = Release;
		};
/* End XCBuildConfiguration section */

/* Begin XCConfigurationList section */
		4CCFF0E4216D0BA900176F76 /* Build configuration list for PBXProject "TYCopyIvarDemo" */ = {
			isa = XCConfigurationList;
			buildConfigurations = (
				4CCFF0FD216D0BAA00176F76 /* Debug */,
				4CCFF0FE216D0BAA00176F76 /* Release */,
			);
			defaultConfigurationIsVisible = 0;
			defaultConfigurationName = Release;
		};
		4CCFF0FF216D0BAA00176F76 /* Build configuration list for PBXNativeTarget "TYCopyIvarDemo" */ = {
			isa = XCConfigurationList;
			buildConfigurations = (
				4CCFF100216D0BAA00176F76 /* Debug */,
				4CCFF101216D0BAA00176F76 /* Release */,
			);
			defaultConfigurationIsVisible = 0;
			defaultConfigurationName = Release;
		};
/* End XCConfigurationList section */
	};
	rootObject = 4CCFF0E1216D0BA900176F76 /* Project object */;
}
