// !$*UTF8*$!
{
	archiveVersion = 1;
	classes = {
	};
	objectVersion = 50;
	objects = {

/* Begin PBXBuildFile section */
		4CD8D1D921844DA2003C5D1C /* AppDelegate.m in Sources */ = {isa = PBXBuildFile; fileRef = 4CD8D1D821844DA2003C5D1C /* AppDelegate.m */; };
		4CD8D1DC21844DA2003C5D1C /* ViewController.m in Sources */ = {isa = PBXBuildFile; fileRef = 4CD8D1DB21844DA2003C5D1C /* ViewController.m */; };
		4CD8D1DF21844DA2003C5D1C /* Main.storyboard in Resources */ = {isa = PBXBuildFile; fileRef = 4CD8D1DD21844DA2003C5D1C /* Main.storyboard */; };
		4CD8D1E121844DA4003C5D1C /* Assets.xcassets in Resources */ = {isa = PBXBuildFile; fileRef = 4CD8D1E021844DA4003C5D1C /* Assets.xcassets */; };
		4CD8D1E421844DA4003C5D1C /* LaunchScreen.storyboard in Resources */ = {isa = PBXBuildFile; fileRef = 4CD8D1E221844DA4003C5D1C /* LaunchScreen.storyboard */; };
		4CD8D1E721844DA4003C5D1C /* main.m in Sources */ = {isa = PBXBuildFile; fileRef = 4CD8D1E621844DA4003C5D1C /* main.m */; };
		4CD8D1EF21844ECB003C5D1C /* UIControl+Extension.m in Sources */ = {isa = PBXBuildFile; fileRef = 4CD8D1EE21844ECB003C5D1C /* UIControl+Extension.m */; };
/* End PBXBuildFile section */

/* Begin PBXFileReference section */
		4CD8D1D421844DA2003C5D1C /* TYButtonExtension.app */ = {isa = PBXFileReference; explicitFileType = wrapper.application; includeInIndex = 0; path = TYButtonExtension.app; sourceTree = BUILT_PRODUCTS_DIR; };
		4CD8D1D721844DA2003C5D1C /* AppDelegate.h */ = {isa = PBXFileReference; lastKnownFileType = sourcecode.c.h; path = AppDelegate.h; sourceTree = "<group>"; };
		4CD8D1D821844DA2003C5D1C /* AppDelegate.m */ = {isa = PBXFileReference; lastKnownFileType = sourcecode.c.objc; path = AppDelegate.m; sourceTree = "<group>"; };
		4CD8D1DA21844DA2003C5D1C /* ViewController.h */ = {isa = PBXFileReference; lastKnownFileType = sourcecode.c.h; path = ViewController.h; sourceTree = "<group>"; };
		4CD8D1DB21844DA2003C5D1C /* ViewController.m */ = {isa = PBXFileReference; lastKnownFileType = sourcecode.c.objc; path = ViewController.m; sourceTree = "<group>"; };
		4CD8D1DE21844DA2003C5D1C /* Base */ = {isa = PBXFileReference; lastKnownFileType = file.storyboard; name = Base; path = Base.lproj/Main.storyboard; sourceTree = "<group>"; };
		4CD8D1E021844DA4003C5D1C /* Assets.xcassets */ = {isa = PBXFileReference; lastKnownFileType = folder.assetcatalog; path = Assets.xcassets; sourceTree = "<group>"; };
		4CD8D1E321844DA4003C5D1C /* Base */ = {isa = PBXFileReference; lastKnownFileType = file.storyboard; name = Base; path = Base.lproj/LaunchScreen.storyboard; sourceTree = "<group>"; };
		4CD8D1E521844DA4003C5D1C /* Info.plist */ = {isa = PBXFileReference; lastKnownFileType = text.plist.xml; path = Info.plist; sourceTree = "<group>"; };
		4CD8D1E621844DA4003C5D1C /* main.m */ = {isa = PBXFileReference; lastKnownFileType = sourcecode.c.objc; path = main.m; sourceTree = "<group>"; };
		4CD8D1ED21844ECB003C5D1C /* UIControl+Extension.h */ = {isa = PBXFileReference; lastKnownFileType = sourcecode.c.h; path = "UIControl+Extension.h"; sourceTree = "<group>"; };
		4CD8D1EE21844ECB003C5D1C /* UIControl+Extension.m */ = {isa = PBXFileReference; lastKnownFileType = sourcecode.c.objc; path = "UIControl+Extension.m"; sourceTree = "<group>"; };
/* End PBXFileReference section */

/* Begin PBXFrameworksBuildPhase section */
		4CD8D1D121844DA2003C5D1C /* Frameworks */ = {
			isa = PBXFrameworksBuildPhase;
			buildActionMask = 2147483647;
			files = (
			);
			runOnlyForDeploymentPostprocessing = 0;
		};
/* End PBXFrameworksBuildPhase section */

/* Begin PBXGroup section */
		4CD8D1CB21844DA2003C5D1C = {
			isa = PBXGroup;
			children = (
				4CD8D1D621844DA2003C5D1C /* TYButtonExtension */,
				4CD8D1D521844DA2003C5D1C /* Products */,
			);
			sourceTree = "<group>";
		};
		4CD8D1D521844DA2003C5D1C /* Products */ = {
			isa = PBXGroup;
			children = (
				4CD8D1D421844DA2003C5D1C /* TYButtonExtension.app */,
			);
			name = Products;
			sourceTree = "<group>";
		};
		4CD8D1D621844DA2003C5D1C /* TYButtonExtension */ = {
			isa = PBXGroup;
			children = (
				4CD8D1D721844DA2003C5D1C /* AppDelegate.h */,
				4CD8D1D821844DA2003C5D1C /* AppDelegate.m */,
				4CD8D1DA21844DA2003C5D1C /* ViewController.h */,
				4CD8D1DB21844DA2003C5D1C /* ViewController.m */,
				4CD8D1ED21844ECB003C5D1C /* UIControl+Extension.h */,
				4CD8D1EE21844ECB003C5D1C /* UIControl+Extension.m */,
				4CD8D1DD21844DA2003C5D1C /* Main.storyboard */,
				4CD8D1E021844DA4003C5D1C /* Assets.xcassets */,
				4CD8D1E221844DA4003C5D1C /* LaunchScreen.storyboard */,
				4CD8D1E521844DA4003C5D1C /* Info.plist */,
				4CD8D1E621844DA4003C5D1C /* main.m */,
			);
			path = TYButtonExtension;
			sourceTree = "<group>";
		};
/* End PBXGroup section */

/* Begin PBXNativeTarget section */
		4CD8D1D321844DA2003C5D1C /* TYButtonExtension */ = {
			isa = PBXNativeTarget;
			buildConfigurationList = 4CD8D1EA21844DA4003C5D1C /* Build configuration list for PBXNativeTarget "TYButtonExtension" */;
			buildPhases = (
				4CD8D1D021844DA2003C5D1C /* Sources */,
				4CD8D1D121844DA2003C5D1C /* Frameworks */,
				4CD8D1D221844DA2003C5D1C /* Resources */,
			);
			buildRules = (
			);
			dependencies = (
			);
			name = TYButtonExtension;
			productName = TYButtonExtension;
			productReference = 4CD8D1D421844DA2003C5D1C /* TYButtonExtension.app */;
			productType = "com.apple.product-type.application";
		};
/* End PBXNativeTarget section */

/* Begin PBXProject section */
		4CD8D1CC21844DA2003C5D1C /* Project object */ = {
			isa = PBXProject;
			attributes = {
				LastUpgradeCheck = 1000;
				ORGANIZATIONNAME = Maty;
				TargetAttributes = {
					4CD8D1D321844DA2003C5D1C = {
						CreatedOnToolsVersion = 10.0;
					};
				};
			};
			buildConfigurationList = 4CD8D1CF21844DA2003C5D1C /* Build configuration list for PBXProject "TYButtonExtension" */;
			compatibilityVersion = "Xcode 9.3";
			developmentRegion = en;
			hasScannedForEncodings = 0;
			knownRegions = (
				en,
				Base,
			);
			mainGroup = 4CD8D1CB21844DA2003C5D1C;
			productRefGroup = 4CD8D1D521844DA2003C5D1C /* Products */;
			projectDirPath = "";
			projectRoot = "";
			targets = (
				4CD8D1D321844DA2003C5D1C /* TYButtonExtension */,
			);
		};
/* End PBXProject section */

/* Begin PBXResourcesBuildPhase section */
		4CD8D1D221844DA2003C5D1C /* Resources */ = {
			isa = PBXResourcesBuildPhase;
			buildActionMask = 2147483647;
			files = (
				4CD8D1E421844DA4003C5D1C /* LaunchScreen.storyboard in Resources */,
				4CD8D1E121844DA4003C5D1C /* Assets.xcassets in Resources */,
				4CD8D1DF21844DA2003C5D1C /* Main.storyboard in Resources */,
			);
			runOnlyForDeploymentPostprocessing = 0;
		};
/* End PBXResourcesBuildPhase section */

/* Begin PBXSourcesBuildPhase section */
		4CD8D1D021844DA2003C5D1C /* Sources */ = {
			isa = PBXSourcesBuildPhase;
			buildActionMask = 2147483647;
			files = (
				4CD8D1DC21844DA2003C5D1C /* ViewController.m in Sources */,
				4CD8D1E721844DA4003C5D1C /* main.m in Sources */,
				4CD8D1D921844DA2003C5D1C /* AppDelegate.m in Sources */,
				4CD8D1EF21844ECB003C5D1C /* UIControl+Extension.m in Sources */,
			);
			runOnlyForDeploymentPostprocessing = 0;
		};
/* End PBXSourcesBuildPhase section */

/* Begin PBXVariantGroup section */
		4CD8D1DD21844DA2003C5D1C /* Main.storyboard */ = {
			isa = PBXVariantGroup;
			children = (
				4CD8D1DE21844DA2003C5D1C /* Base */,
			);
			name = Main.storyboard;
			sourceTree = "<group>";
		};
		4CD8D1E221844DA4003C5D1C /* LaunchScreen.storyboard */ = {
			isa = PBXVariantGroup;
			children = (
				4CD8D1E321844DA4003C5D1C /* Base */,
			);
			name = LaunchScreen.storyboard;
			sourceTree = "<group>";
		};
/* End PBXVariantGroup section */

/* Begin XCBuildConfiguration section */
		4CD8D1E821844DA4003C5D1C /* Debug */ = {
			isa = XCBuildConfiguration;
			buildSettings = {
				ALWAYS_SEARCH_USER_PATHS = NO;
				CLANG_ANALYZER_NONNULL = YES;
				CLANG_ANALYZER_NUMBER_OBJECT_CONVERSION = YES_AGGRESSIVE;
				CLANG_CXX_LANGUAGE_STANDARD = "gnu++14";
				CLANG_CXX_LIBRARY = "libc++";
				CLANG_ENABLE_MODULES = YES;
				CLANG_ENABLE_OBJC_ARC = YES;
				CLANG_ENABLE_OBJC_WEAK = YES;
				CLANG_WARN_BLOCK_CAPTURE_AUTORELEASING = YES;
				CLANG_WARN_BOOL_CONVERSION = YES;
				CLANG_WARN_COMMA = YES;
				CLANG_WARN_CONSTANT_CONVERSION = YES;
				CLANG_WARN_DEPRECATED_OBJC_IMPLEMENTATIONS = YES;
				CLANG_WARN_DIRECT_OBJC_ISA_USAGE = YES_ERROR;
				CLANG_WARN_DOCUMENTATION_COMMENTS = YES;
				CLANG_WARN_EMPTY_BODY = YES;
				CLANG_WARN_ENUM_CONVERSION = YES;
				CLANG_WARN_INFINITE_RECURSION = YES;
				CLANG_WARN_INT_CONVERSION = YES;
				CLANG_WARN_NON_LITERAL_NULL_CONVERSION = YES;
				CLANG_WARN_OBJC_IMPLICIT_RETAIN_SELF = YES;
				CLANG_WARN_OBJC_LITERAL_CONVERSION = YES;
				CLANG_WARN_OBJC_ROOT_CLASS = YES_ERROR;
				CLANG_WARN_RANGE_LOOP_ANALYSIS = YES;
				CLANG_WARN_STRICT_PROTOTYPES = YES;
				CLANG_WARN_SUSPICIOUS_MOVE = YES;
				CLANG_WARN_UNGUARDED_AVAILABILITY = YES_AGGRESSIVE;
				CLANG_WARN_UNREACHABLE_CODE = YES;
				CLANG_WARN__DUPLICATE_METHOD_MATCH = YES;
				CODE_SIGN_IDENTITY = "iPhone Developer";
				COPY_PHASE_STRIP = NO;
				DEBUG_INFORMATION_FORMAT = dwarf;
				ENABLE_STRICT_OBJC_MSGSEND = YES;
				ENABLE_TESTABILITY = YES;
				GCC_C_LANGUAGE_STANDARD = gnu11;
				GCC_DYNAMIC_NO_PIC = NO;
				GCC_NO_COMMON_BLOCKS = YES;
				GCC_OPTIMIZATION_LEVEL = 0;
				GCC_PREPROCESSOR_DEFINITIONS = (
					"DEBUG=1",
					"$(inherited)",
				);
				GCC_WARN_64_TO_32_BIT_CONVERSION = YES;
				GCC_WARN_ABOUT_RETURN_TYPE = YES_ERROR;
				GCC_WARN_UNDECLARED_SELECTOR = YES;
				GCC_WARN_UNINITIALIZED_AUTOS = YES_AGGRESSIVE;
				GCC_WARN_UNUSED_FUNCTION = YES;
				GCC_WARN_UNUSED_VARIABLE = YES;
				IPHONEOS_DEPLOYMENT_TARGET = 12.0;
				MTL_ENABLE_DEBUG_INFO = INCLUDE_SOURCE;
				MTL_FAST_MATH = YES;
				ONLY_ACTIVE_ARCH = YES;
				SDKROOT = iphoneos;
			};
			name = Debug;
		};
		4CD8D1E921844DA4003C5D1C /* Release */ = {
			isa = XCBuildConfiguration;
			buildSettings = {
				ALWAYS_SEARCH_USER_PATHS = NO;
				CLANG_ANALYZER_NONNULL = YES;
				CLANG_ANALYZER_NUMBER_OBJECT_CONVERSION = YES_AGGRESSIVE;
				CLANG_CXX_LANGUAGE_STANDARD = "gnu++14";
				CLANG_CXX_LIBRARY = "libc++";
				CLANG_ENABLE_MODULES = YES;
				CLANG_ENABLE_OBJC_ARC = YES;
				CLANG_ENABLE_OBJC_WEAK = YES;
				CLANG_WARN_BLOCK_CAPTURE_AUTORELEASING = YES;
				CLANG_WARN_BOOL_CONVERSION = YES;
				CLANG_WARN_COMMA = YES;
				CLANG_WARN_CONSTANT_CONVERSION = YES;
				CLANG_WARN_DEPRECATED_OBJC_IMPLEMENTATIONS = YES;
				CLANG_WARN_DIRECT_OBJC_ISA_USAGE = YES_ERROR;
				CLANG_WARN_DOCUMENTATION_COMMENTS = YES;
				CLANG_WARN_EMPTY_BODY = YES;
				CLANG_WARN_ENUM_CONVERSION = YES;
				CLANG_WARN_INFINITE_RECURSION = YES;
				CLANG_WARN_INT_CONVERSION = YES;
				CLANG_WARN_NON_LITERAL_NULL_CONVERSION = YES;
				CLANG_WARN_OBJC_IMPLICIT_RETAIN_SELF = YES;
				CLANG_WARN_OBJC_LITERAL_CONVERSION = YES;
				CLANG_WARN_OBJC_ROOT_CLASS = YES_ERROR;
				CLANG_WARN_RANGE_LOOP_ANALYSIS = YES;
				CLANG_WARN_STRICT_PROTOTYPES = YES;
				CLANG_WARN_SUSPICIOUS_MOVE = YES;
				CLANG_WARN_UNGUARDED_AVAILABILITY = YES_AGGRESSIVE;
				CLANG_WARN_UNREACHABLE_CODE = YES;
				CLANG_WARN__DUPLICATE_METHOD_MATCH = YES;
				CODE_SIGN_IDENTITY = "iPhone Developer";
				COPY_PHASE_STRIP = NO;
				DEBUG_INFORMATION_FORMAT = "dwarf-with-dsym";
				ENABLE_NS_ASSERTIONS = NO;
				ENABLE_STRICT_OBJC_MSGSEND = YES;
				GCC_C_LANGUAGE_STANDARD = gnu11;
				GCC_NO_COMMON_BLOCKS = YES;
				GCC_WARN_64_TO_32_BIT_CONVERSION = YES;
				GCC_WARN_ABOUT_RETURN_TYPE = YES_ERROR;
				GCC_WARN_UNDECLARED_SELECTOR = YES;
				GCC_WARN_UNINITIALIZED_AUTOS = YES_AGGRESSIVE;
				GCC_WARN_UNUSED_FUNCTION = YES;
				GCC_WARN_UNUSED_VARIABLE = YES;
				IPHONEOS_DEPLOYMENT_TARGET = 12.0;
				MTL_ENABLE_DEBUG_INFO = NO;
				MTL_FAST_MATH = YES;
				SDKROOT = iphoneos;
				VALIDATE_PRODUCT = YES;
			};
			name = Release;
		};
		4CD8D1EB21844DA4003C5D1C /* Debug */ = {
			isa = XCBuildConfiguration;
			buildSettings = {
				ASSETCATALOG_COMPILER_APPICON_NAME = AppIcon;
				CODE_SIGN_STYLE = Automatic;
				DEVELOPMENT_TEAM = JJGBDF7PM8;
				INFOPLIST_FILE = TYButtonExtension/Info.plist;
				IPHONEOS_DEPLOYMENT_TARGET = 11.0;
				LD_RUNPATH_SEARCH_PATHS = (
					"$(inherited)",
					"@executable_path/Frameworks",
				);
				PRODUCT_BUNDLE_IDENTIFIER = Maty666;
				PRODUCT_NAME = "$(TARGET_NAME)";
				TARGETED_DEVICE_FAMILY = "1,2";
			};
			name = Debug;
		};
		4CD8D1EC21844DA4003C5D1C /* Release */ = {
			isa = XCBuildConfiguration;
			buildSettings = {
				ASSETCATALOG_COMPILER_APPICON_NAME = AppIcon;
				CODE_SIGN_STYLE = Automatic;
				DEVELOPMENT_TEAM = JJGBDF7PM8;
				INFOPLIST_FILE = TYButtonExtension/Info.plist;
				IPHONEOS_DEPLOYMENT_TARGET = 11.0;
				LD_RUNPATH_SEARCH_PATHS = (
					"$(inherited)",
					"@executable_path/Frameworks",
				);
				PRODUCT_BUNDLE_IDENTIFIER = Maty666;
				PRODUCT_NAME = "$(TARGET_NAME)";
				TARGETED_DEVICE_FAMILY = "1,2";
			};
			name = Release;
		};
/* End XCBuildConfiguration section */

/* Begin XCConfigurationList section */
		4CD8D1CF21844DA2003C5D1C /* Build configuration list for PBXProject "TYButtonExtension" */ = {
			isa = XCConfigurationList;
			buildConfigurations = (
				4CD8D1E821844DA4003C5D1C /* Debug */,
				4CD8D1E921844DA4003C5D1C /* Release */,
			);
			defaultConfigurationIsVisible = 0;
			defaultConfigurationName = Release;
		};
		4CD8D1EA21844DA4003C5D1C /* Build configuration list for PBXNativeTarget "TYButtonExtension" */ = {
			isa = XCConfigurationList;
			buildConfigurations = (
				4CD8D1EB21844DA4003C5D1C /* Debug */,
				4CD8D1EC21844DA4003C5D1C /* Release */,
			);
			defaultConfigurationIsVisible = 0;
			defaultConfigurationName = Release;
		};
/* End XCConfigurationList section */
	};
	rootObject = 4CD8D1CC21844DA2003C5D1C /* Project object */;
}
