// !$*UTF8*$!
{
	archiveVersion = 1;
	classes = {
	};
	objectVersion = 50;
	objects = {

/* Begin PBXBuildFile section */
		4CE3C6F7216BB07F00FFB504 /* main.m in Sources */ = {isa = PBXBuildFile; fileRef = 4CE3C6F6216BB07F00FFB504 /* main.m */; };
		4CE3C6FF216BB08E00FFB504 /* TYPerson.m in Sources */ = {isa = PBXBuildFile; fileRef = 4CE3C6FE216BB08E00FFB504 /* TYPerson.m */; };
		4CE3C702216BB09D00FFB504 /* TYAnimal.m in Sources */ = {isa = PBXBuildFile; fileRef = 4CE3C701216BB09D00FFB504 /* TYAnimal.m */; };
/* End PBXBuildFile section */

/* Begin PBXCopyFilesBuildPhase section */
		4CE3C6F1216BB07F00FFB504 /* CopyFiles */ = {
			isa = PBXCopyFilesBuildPhase;
			buildActionMask = 2147483647;
			dstPath = /usr/share/man/man1/;
			dstSubfolderSpec = 0;
			files = (
			);
			runOnlyForDeploymentPostprocessing = 1;
		};
/* End PBXCopyFilesBuildPhase section */

/* Begin PBXFileReference section */
		4CE3C6F3216BB07F00FFB504 /* runtimeAPIDemo */ = {isa = PBXFileReference; explicitFileType = "compiled.mach-o.executable"; includeInIndex = 0; path = runtimeAPIDemo; sourceTree = BUILT_PRODUCTS_DIR; };
		4CE3C6F6216BB07F00FFB504 /* main.m */ = {isa = PBXFileReference; lastKnownFileType = sourcecode.c.objc; path = main.m; sourceTree = "<group>"; };
		4CE3C6FD216BB08E00FFB504 /* TYPerson.h */ = {isa = PBXFileReference; lastKnownFileType = sourcecode.c.h; path = TYPerson.h; sourceTree = "<group>"; };
		4CE3C6FE216BB08E00FFB504 /* TYPerson.m */ = {isa = PBXFileReference; lastKnownFileType = sourcecode.c.objc; path = TYPerson.m; sourceTree = "<group>"; };
		4CE3C700216BB09D00FFB504 /* TYAnimal.h */ = {isa = PBXFileReference; lastKnownFileType = sourcecode.c.h; path = TYAnimal.h; sourceTree = "<group>"; };
		4CE3C701216BB09D00FFB504 /* TYAnimal.m */ = {isa = PBXFileReference; lastKnownFileType = sourcecode.c.objc; path = TYAnimal.m; sourceTree = "<group>"; };
/* End PBXFileReference section */

/* Begin PBXFrameworksBuildPhase section */
		4CE3C6F0216BB07F00FFB504 /* Frameworks */ = {
			isa = PBXFrameworksBuildPhase;
			buildActionMask = 2147483647;
			files = (
			);
			runOnlyForDeploymentPostprocessing = 0;
		};
/* End PBXFrameworksBuildPhase section */

/* Begin PBXGroup section */
		4CE3C6EA216BB07F00FFB504 = {
			isa = PBXGroup;
			children = (
				4CE3C6F5216BB07F00FFB504 /* runtimeAPIDemo */,
				4CE3C6F4216BB07F00FFB504 /* Products */,
			);
			sourceTree = "<group>";
		};
		4CE3C6F4216BB07F00FFB504 /* Products */ = {
			isa = PBXGroup;
			children = (
				4CE3C6F3216BB07F00FFB504 /* runtimeAPIDemo */,
			);
			name = Products;
			sourceTree = "<group>";
		};
		4CE3C6F5216BB07F00FFB504 /* runtimeAPIDemo */ = {
			isa = PBXGroup;
			children = (
				4CE3C6F6216BB07F00FFB504 /* main.m */,
				4CE3C6FD216BB08E00FFB504 /* TYPerson.h */,
				4CE3C6FE216BB08E00FFB504 /* TYPerson.m */,
				4CE3C700216BB09D00FFB504 /* TYAnimal.h */,
				4CE3C701216BB09D00FFB504 /* TYAnimal.m */,
			);
			path = runtimeAPIDemo;
			sourceTree = "<group>";
		};
/* End PBXGroup section */

/* Begin PBXNativeTarget section */
		4CE3C6F2216BB07F00FFB504 /* runtimeAPIDemo */ = {
			isa = PBXNativeTarget;
			buildConfigurationList = 4CE3C6FA216BB07F00FFB504 /* Build configuration list for PBXNativeTarget "runtimeAPIDemo" */;
			buildPhases = (
				4CE3C6EF216BB07F00FFB504 /* Sources */,
				4CE3C6F0216BB07F00FFB504 /* Frameworks */,
				4CE3C6F1216BB07F00FFB504 /* CopyFiles */,
			);
			buildRules = (
			);
			dependencies = (
			);
			name = runtimeAPIDemo;
			productName = runtimeAPIDemo;
			productReference = 4CE3C6F3216BB07F00FFB504 /* runtimeAPIDemo */;
			productType = "com.apple.product-type.tool";
		};
/* End PBXNativeTarget section */

/* Begin PBXProject section */
		4CE3C6EB216BB07F00FFB504 /* Project object */ = {
			isa = PBXProject;
			attributes = {
				LastUpgradeCheck = 1000;
				ORGANIZATIONNAME = Maty;
				TargetAttributes = {
					4CE3C6F2216BB07F00FFB504 = {
						CreatedOnToolsVersion = 10.0;
					};
				};
			};
			buildConfigurationList = 4CE3C6EE216BB07F00FFB504 /* Build configuration list for PBXProject "runtimeAPIDemo" */;
			compatibilityVersion = "Xcode 9.3";
			developmentRegion = en;
			hasScannedForEncodings = 0;
			knownRegions = (
				en,
			);
			mainGroup = 4CE3C6EA216BB07F00FFB504;
			productRefGroup = 4CE3C6F4216BB07F00FFB504 /* Products */;
			projectDirPath = "";
			projectRoot = "";
			targets = (
				4CE3C6F2216BB07F00FFB504 /* runtimeAPIDemo */,
			);
		};
/* End PBXProject section */

/* Begin PBXSourcesBuildPhase section */
		4CE3C6EF216BB07F00FFB504 /* Sources */ = {
			isa = PBXSourcesBuildPhase;
			buildActionMask = 2147483647;
			files = (
				4CE3C702216BB09D00FFB504 /* TYAnimal.m in Sources */,
				4CE3C6F7216BB07F00FFB504 /* main.m in Sources */,
				4CE3C6FF216BB08E00FFB504 /* TYPerson.m in Sources */,
			);
			runOnlyForDeploymentPostprocessing = 0;
		};
/* End PBXSourcesBuildPhase section */

/* Begin XCBuildConfiguration section */
		4CE3C6F8216BB07F00FFB504 /* Debug */ = {
			isa = XCBuildConfiguration;
			buildSettings = {
				ALWAYS_SEARCH_USER_PATHS = NO;
				CLANG_ANALYZER_NONNULL = YES;
				CLANG_ANALYZER_NUMBER_OBJECT_CONVERSION = YES_AGGRESSIVE;
				CLANG_CXX_LANGUAGE_STANDARD = "gnu++14";
				CLANG_CXX_LIBRARY = "libc++";
				CLANG_ENABLE_MODULES = YES;
				CLANG_ENABLE_OBJC_ARC = YES;
				CLANG_ENABLE_OBJC_WEAK = YES;
				CLANG_WARN_BLOCK_CAPTURE_AUTORELEASING = YES;
				CLANG_WARN_BOOL_CONVERSION = YES;
				CLANG_WARN_COMMA = YES;
				CLANG_WARN_CONSTANT_CONVERSION = YES;
				CLANG_WARN_DEPRECATED_OBJC_IMPLEMENTATIONS = YES;
				CLANG_WARN_DIRECT_OBJC_ISA_USAGE = YES_ERROR;
				CLANG_WARN_DOCUMENTATION_COMMENTS = YES;
				CLANG_WARN_EMPTY_BODY = YES;
				CLANG_WARN_ENUM_CONVERSION = YES;
				CLANG_WARN_INFINITE_RECURSION = YES;
				CLANG_WARN_INT_CONVERSION = YES;
				CLANG_WARN_NON_LITERAL_NULL_CONVERSION = YES;
				CLANG_WARN_OBJC_IMPLICIT_RETAIN_SELF = YES;
				CLANG_WARN_OBJC_LITERAL_CONVERSION = YES;
				CLANG_WARN_OBJC_ROOT_CLASS = YES_ERROR;
				CLANG_WARN_RANGE_LOOP_ANALYSIS = YES;
				CLANG_WARN_STRICT_PROTOTYPES = YES;
				CLANG_WARN_SUSPICIOUS_MOVE = YES;
				CLANG_WARN_UNGUARDED_AVAILABILITY = YES_AGGRESSIVE;
				CLANG_WARN_UNREACHABLE_CODE = YES;
				CLANG_WARN__DUPLICATE_METHOD_MATCH = YES;
				CODE_SIGN_IDENTITY = "Mac Developer";
				COPY_PHASE_STRIP = NO;
				DEBUG_INFORMATION_FORMAT = dwarf;
				ENABLE_STRICT_OBJC_MSGSEND = YES;
				ENABLE_TESTABILITY = YES;
				GCC_C_LANGUAGE_STANDARD = gnu11;
				GCC_DYNAMIC_NO_PIC = NO;
				GCC_NO_COMMON_BLOCKS = YES;
				GCC_OPTIMIZATION_LEVEL = 0;
				GCC_PREPROCESSOR_DEFINITIONS = (
					"DEBUG=1",
					"$(inherited)",
				);
				GCC_WARN_64_TO_32_BIT_CONVERSION = YES;
				GCC_WARN_ABOUT_RETURN_TYPE = YES_ERROR;
				GCC_WARN_UNDECLARED_SELECTOR = YES;
				GCC_WARN_UNINITIALIZED_AUTOS = YES_AGGRESSIVE;
				GCC_WARN_UNUSED_FUNCTION = YES;
				GCC_WARN_UNUSED_VARIABLE = YES;
				MACOSX_DEPLOYMENT_TARGET = 10.14;
				MTL_ENABLE_DEBUG_INFO = INCLUDE_SOURCE;
				MTL_FAST_MATH = YES;
				ONLY_ACTIVE_ARCH = YES;
				SDKROOT = macosx;
			};
			name = Debug;
		};
		4CE3C6F9216BB07F00FFB504 /* Release */ = {
			isa = XCBuildConfiguration;
			buildSettings = {
				ALWAYS_SEARCH_USER_PATHS = NO;
				CLANG_ANALYZER_NONNULL = YES;
				CLANG_ANALYZER_NUMBER_OBJECT_CONVERSION = YES_AGGRESSIVE;
				CLANG_CXX_LANGUAGE_STANDARD = "gnu++14";
				CLANG_CXX_LIBRARY = "libc++";
				CLANG_ENABLE_MODULES = YES;
				CLANG_ENABLE_OBJC_ARC = YES;
				CLANG_ENABLE_OBJC_WEAK = YES;
				CLANG_WARN_BLOCK_CAPTURE_AUTORELEASING = YES;
				CLANG_WARN_BOOL_CONVERSION = YES;
				CLANG_WARN_COMMA = YES;
				CLANG_WARN_CONSTANT_CONVERSION = YES;
				CLANG_WARN_DEPRECATED_OBJC_IMPLEMENTATIONS = YES;
				CLANG_WARN_DIRECT_OBJC_ISA_USAGE = YES_ERROR;
				CLANG_WARN_DOCUMENTATION_COMMENTS = YES;
				CLANG_WARN_EMPTY_BODY = YES;
				CLANG_WARN_ENUM_CONVERSION = YES;
				CLANG_WARN_INFINITE_RECURSION = YES;
				CLANG_WARN_INT_CONVERSION = YES;
				CLANG_WARN_NON_LITERAL_NULL_CONVERSION = YES;
				CLANG_WARN_OBJC_IMPLICIT_RETAIN_SELF = YES;
				CLANG_WARN_OBJC_LITERAL_CONVERSION = YES;
				CLANG_WARN_OBJC_ROOT_CLASS = YES_ERROR;
				CLANG_WARN_RANGE_LOOP_ANALYSIS = YES;
				CLANG_WARN_STRICT_PROTOTYPES = YES;
				CLANG_WARN_SUSPICIOUS_MOVE = YES;
				CLANG_WARN_UNGUARDED_AVAILABILITY = YES_AGGRESSIVE;
				CLANG_WARN_UNREACHABLE_CODE = YES;
				CLANG_WARN__DUPLICATE_METHOD_MATCH = YES;
				CODE_SIGN_IDENTITY = "Mac Developer";
				COPY_PHASE_STRIP = NO;
				DEBUG_INFORMATION_FORMAT = "dwarf-with-dsym";
				ENABLE_NS_ASSERTIONS = NO;
				ENABLE_STRICT_OBJC_MSGSEND = YES;
				GCC_C_LANGUAGE_STANDARD = gnu11;
				GCC_NO_COMMON_BLOCKS = YES;
				GCC_WARN_64_TO_32_BIT_CONVERSION = YES;
				GCC_WARN_ABOUT_RETURN_TYPE = YES_ERROR;
				GCC_WARN_UNDECLARED_SELECTOR = YES;
				GCC_WARN_UNINITIALIZED_AUTOS = YES_AGGRESSIVE;
				GCC_WARN_UNUSED_FUNCTION = YES;
				GCC_WARN_UNUSED_VARIABLE = YES;
				MACOSX_DEPLOYMENT_TARGET = 10.14;
				MTL_ENABLE_DEBUG_INFO = NO;
				MTL_FAST_MATH = YES;
				SDKROOT = macosx;
			};
			name = Release;
		};
		4CE3C6FB216BB07F00FFB504 /* Debug */ = {
			isa = XCBuildConfiguration;
			buildSettings = {
				CODE_SIGN_STYLE = Automatic;
				DEVELOPMENT_TEAM = JJGBDF7PM8;
				PRODUCT_NAME = "$(TARGET_NAME)";
			};
			name = Debug;
		};
		4CE3C6FC216BB07F00FFB504 /* Release */ = {
			isa = XCBuildConfiguration;
			buildSettings = {
				CODE_SIGN_STYLE = Automatic;
				DEVELOPMENT_TEAM = JJGBDF7PM8;
				PRODUCT_NAME = "$(TARGET_NAME)";
			};
			name = Release;
		};
/* End XCBuildConfiguration section */

/* Begin XCConfigurationList section */
		4CE3C6EE216BB07F00FFB504 /* Build configuration list for PBXProject "runtimeAPIDemo" */ = {
			isa = XCConfigurationList;
			buildConfigurations = (
				4CE3C6F8216BB07F00FFB504 /* Debug */,
				4CE3C6F9216BB07F00FFB504 /* Release */,
			);
			defaultConfigurationIsVisible = 0;
			defaultConfigurationName = Release;
		};
		4CE3C6FA216BB07F00FFB504 /* Build configuration list for PBXNativeTarget "runtimeAPIDemo" */ = {
			isa = XCConfigurationList;
			buildConfigurations = (
				4CE3C6FB216BB07F00FFB504 /* Debug */,
				4CE3C6FC216BB07F00FFB504 /* Release */,
			);
			defaultConfigurationIsVisible = 0;
			defaultConfigurationName = Release;
		};
/* End XCConfigurationList section */
	};
	rootObject = 4CE3C6EB216BB07F00FFB504 /* Project object */;
}
